// !$*UTF8*$!
{
	archiveVersion = 1;
	classes = {
	};
	objectVersion = 50;
	objects = {

/* Begin PBXBuildFile section */
		C7EA36442649E89800337A9C /* AppDelegate.swift in Sources */ = {isa = PBXBuildFile; fileRef = C7EA36432649E89800337A9C /* AppDelegate.swift */; };
		C7EA36462649E89800337A9C /* SceneDelegate.swift in Sources */ = {isa = PBXBuildFile; fileRef = C7EA36452649E89800337A9C /* SceneDelegate.swift */; };
		C7EA364B2649E89800337A9C /* Main.storyboard in Resources */ = {isa = PBXBuildFile; fileRef = C7EA36492649E89800337A9C /* Main.storyboard */; };
		C7EA364E2649E89800337A9C /* CVW_To_Do.xcdatamodeld in Sources */ = {isa = PBXBuildFile; fileRef = C7EA364C2649E89800337A9C /* CVW_To_Do.xcdatamodeld */; };
		C7EA36502649E8A000337A9C /* Assets.xcassets in Resources */ = {isa = PBXBuildFile; fileRef = C7EA364F2649E8A000337A9C /* Assets.xcassets */; };
		C7EA36532649E8A000337A9C /* LaunchScreen.storyboard in Resources */ = {isa = PBXBuildFile; fileRef = C7EA36512649E8A000337A9C /* LaunchScreen.storyboard */; };
		C7EA3662264A13AB00337A9C /* ToDoTableTableViewController.swift in Sources */ = {isa = PBXBuildFile; fileRef = C7EA3661264A13AB00337A9C /* ToDoTableTableViewController.swift */; };
		C7EA3666264A13D000337A9C /* ToDo.swift in Sources */ = {isa = PBXBuildFile; fileRef = C7EA3665264A13D000337A9C /* ToDo.swift */; };
/* End PBXBuildFile section */

/* Begin PBXFileReference section */
		C7EA36402649E89800337A9C /* CVW To Do.app */ = {isa = PBXFileReference; explicitFileType = wrapper.application; includeInIndex = 0; path = "CVW To Do.app"; sourceTree = BUILT_PRODUCTS_DIR; };
		C7EA36432649E89800337A9C /* AppDelegate.swift */ = {isa = PBXFileReference; lastKnownFileType = sourcecode.swift; path = AppDelegate.swift; sourceTree = "<group>"; };
		C7EA36452649E89800337A9C /* SceneDelegate.swift */ = {isa = PBXFileReference; lastKnownFileType = sourcecode.swift; path = SceneDelegate.swift; sourceTree = "<group>"; };
		C7EA364A2649E89800337A9C /* Base */ = {isa = PBXFileReference; lastKnownFileType = file.storyboard; name = Base; path = Base.lproj/Main.storyboard; sourceTree = "<group>"; };
		C7EA364D2649E89800337A9C /* CVW_To_Do.xcdatamodel */ = {isa = PBXFileReference; lastKnownFileType = wrapper.xcdatamodel; path = CVW_To_Do.xcdatamodel; sourceTree = "<group>"; };
		C7EA364F2649E8A000337A9C /* Assets.xcassets */ = {isa = PBXFileReference; lastKnownFileType = folder.assetcatalog; path = Assets.xcassets; sourceTree = "<group>"; };
		C7EA36522649E8A000337A9C /* Base */ = {isa = PBXFileReference; lastKnownFileType = file.storyboard; name = Base; path = Base.lproj/LaunchScreen.storyboard; sourceTree = "<group>"; };
		C7EA36542649E8A000337A9C /* Info.plist */ = {isa = PBXFileReference; lastKnownFileType = text.plist.xml; path = Info.plist; sourceTree = "<group>"; };
		C7EA3661264A13AB00337A9C /* ToDoTableTableViewController.swift */ = {isa = PBXFileReference; lastKnownFileType = sourcecode.swift; path = ToDoTableTableViewController.swift; sourceTree = "<group>"; };
		C7EA3665264A13D000337A9C /* ToDo.swift */ = {isa = PBXFileReference; lastKnownFileType = sourcecode.swift; path = ToDo.swift; sourceTree = "<group>"; };
/* End PBXFileReference section */

/* Begin PBXFrameworksBuildPhase section */
		C7EA363D2649E89700337A9C /* Frameworks */ = {
			isa = PBXFrameworksBuildPhase;
			buildActionMask = 2147483647;
			files = (
			);
			runOnlyForDeploymentPostprocessing = 0;
		};
/* End PBXFrameworksBuildPhase section */

/* Begin PBXGroup section */
		C7EA36372649E89700337A9C = {
			isa = PBXGroup;
			children = (
				C7EA36422649E89800337A9C /* CVW To Do */,
				C7EA36412649E89800337A9C /* Products */,
			);
			sourceTree = "<group>";
		};
		C7EA36412649E89800337A9C /* Products */ = {
			isa = PBXGroup;
			children = (
				C7EA36402649E89800337A9C /* CVW To Do.app */,
			);
			name = Products;
			sourceTree = "<group>";
		};
		C7EA36422649E89800337A9C /* CVW To Do */ = {
			isa = PBXGroup;
			children = (
				C7EA36432649E89800337A9C /* AppDelegate.swift */,
				C7EA36452649E89800337A9C /* SceneDelegate.swift */,
				C7EA3661264A13AB00337A9C /* ToDoTableTableViewController.swift */,
				C7EA36492649E89800337A9C /* Main.storyboard */,
				C7EA3665264A13D000337A9C /* ToDo.swift */,
				C7EA364F2649E8A000337A9C /* Assets.xcassets */,
				C7EA36512649E8A000337A9C /* LaunchScreen.storyboard */,
				C7EA36542649E8A000337A9C /* Info.plist */,
				C7EA364C2649E89800337A9C /* CVW_To_Do.xcdatamodeld */,
			);
			path = "CVW To Do";
			sourceTree = "<group>";
		};
/* End PBXGroup section */

/* Begin PBXNativeTarget section */
		C7EA363F2649E89700337A9C /* CVW To Do */ = {
			isa = PBXNativeTarget;
			buildConfigurationList = C7EA36572649E8A000337A9C /* Build configuration list for PBXNativeTarget "CVW To Do" */;
			buildPhases = (
				C7EA363C2649E89700337A9C /* Sources */,
				C7EA363D2649E89700337A9C /* Frameworks */,
				C7EA363E2649E89700337A9C /* Resources */,
			);
			buildRules = (
			);
			dependencies = (
			);
			name = "CVW To Do";
			productName = "CVW To Do";
			productReference = C7EA36402649E89800337A9C /* CVW To Do.app */;
			productType = "com.apple.product-type.application";
		};
/* End PBXNativeTarget section */

/* Begin PBXProject section */
		C7EA36382649E89700337A9C /* Project object */ = {
			isa = PBXProject;
			attributes = {
				LastSwiftUpdateCheck = 1240;
				LastUpgradeCheck = 1240;
				TargetAttributes = {
					C7EA363F2649E89700337A9C = {
						CreatedOnToolsVersion = 12.4;
					};
				};
			};
			buildConfigurationList = C7EA363B2649E89700337A9C /* Build configuration list for PBXProject "CVW To Do" */;
			compatibilityVersion = "Xcode 9.3";
			developmentRegion = en;
			hasScannedForEncodings = 0;
			knownRegions = (
				en,
				Base,
			);
			mainGroup = C7EA36372649E89700337A9C;
			productRefGroup = C7EA36412649E89800337A9C /* Products */;
			projectDirPath = "";
			projectRoot = "";
			targets = (
				C7EA363F2649E89700337A9C /* CVW To Do */,
			);
		};
/* End PBXProject section */

/* Begin PBXResourcesBuildPhase section */
		C7EA363E2649E89700337A9C /* Resources */ = {
			isa = PBXResourcesBuildPhase;
			buildActionMask = 2147483647;
			files = (
				C7EA36532649E8A000337A9C /* LaunchScreen.storyboard in Resources */,
				C7EA36502649E8A000337A9C /* Assets.xcassets in Resources */,
				C7EA364B2649E89800337A9C /* Main.storyboard in Resources */,
			);
			runOnlyForDeploymentPostprocessing = 0;
		};
/* End PBXResourcesBuildPhase section */

/* Begin PBXSourcesBuildPhase section */
		C7EA363C2649E89700337A9C /* Sources */ = {
			isa = PBXSourcesBuildPhase;
			buildActionMask = 2147483647;
			files = (
				C7EA36442649E89800337A9C /* AppDelegate.swift in Sources */,
				C7EA3666264A13D000337A9C /* ToDo.swift in Sources */,
				C7EA364E2649E89800337A9C /* CVW_To_Do.xcdatamodeld in Sources */,
				C7EA3662264A13AB00337A9C /* ToDoTableTableViewController.swift in Sources */,
				C7EA36462649E89800337A9C /* SceneDelegate.swift in Sources */,
			);
			runOnlyForDeploymentPostprocessing = 0;
		};
/* End PBXSourcesBuildPhase section */

/* Begin PBXVariantGroup section */
		C7EA36492649E89800337A9C /* Main.storyboard */ = {
			isa = PBXVariantGroup;
			children = (
				C7EA364A2649E89800337A9C /* Base */,
			);
			name = Main.storyboard;
			sourceTree = "<group>";
		};
		C7EA36512649E8A000337A9C /* LaunchScreen.storyboard */ = {
			isa = PBXVariantGroup;
			children = (
				C7EA36522649E8A000337A9C /* Base */,
			);
			name = LaunchScreen.storyboard;
			sourceTree = "<group>";
		};
/* End PBXVariantGroup section */

/* Begin XCBuildConfiguration section */
		C7EA36552649E8A000337A9C /* Debug */ = {
			isa = XCBuildConfiguration;
			buildSettings = {
				ALWAYS_SEARCH_USER_PATHS = NO;
				CLANG_ANALYZER_NONNULL = YES;
				CLANG_ANALYZER_NUMBER_OBJECT_CONVERSION = YES_AGGRESSIVE;
				CLANG_CXX_LANGUAGE_STANDARD = "gnu++14";
				CLANG_CXX_LIBRARY = "libc++";
				CLANG_ENABLE_MODULES = YES;
				CLANG_ENABLE_OBJC_ARC = YES;
				CLANG_ENABLE_OBJC_WEAK = YES;
				CLANG_WARN_BLOCK_CAPTURE_AUTORELEASING = YES;
				CLANG_WARN_BOOL_CONVERSION = YES;
				CLANG_WARN_COMMA = YES;
				CLANG_WARN_CONSTANT_CONVERSION = YES;
				CLANG_WARN_DEPRECATED_OBJC_IMPLEMENTATIONS = YES;
				CLANG_WARN_DIRECT_OBJC_ISA_USAGE = YES_ERROR;
				CLANG_WARN_DOCUMENTATION_COMMENTS = YES;
				CLANG_WARN_EMPTY_BODY = YES;
				CLANG_WARN_ENUM_CONVERSION = YES;
				CLANG_WARN_INFINITE_RECURSION = YES;
				CLANG_WARN_INT_CONVERSION = YES;
				CLANG_WARN_NON_LITERAL_NULL_CONVERSION = YES;
				CLANG_WARN_OBJC_IMPLICIT_RETAIN_SELF = YES;
				CLANG_WARN_OBJC_LITERAL_CONVERSION = YES;
				CLANG_WARN_OBJC_ROOT_CLASS = YES_ERROR;
				CLANG_WARN_QUOTED_INCLUDE_IN_FRAMEWORK_HEADER = YES;
				CLANG_WARN_RANGE_LOOP_ANALYSIS = YES;
				CLANG_WARN_STRICT_PROTOTYPES = YES;
				CLANG_WARN_SUSPICIOUS_MOVE = YES;
				CLANG_WARN_UNGUARDED_AVAILABILITY = YES_AGGRESSIVE;
				CLANG_WARN_UNREACHABLE_CODE = YES;
				CLANG_WARN__DUPLICATE_METHOD_MATCH = YES;
				COPY_PHASE_STRIP = NO;
				DEBUG_INFORMATION_FORMAT = dwarf;
				ENABLE_STRICT_OBJC_MSGSEND = YES;
				ENABLE_TESTABILITY = YES;
				GCC_C_LANGUAGE_STANDARD = gnu11;
				GCC_DYNAMIC_NO_PIC = NO;
				GCC_NO_COMMON_BLOCKS = YES;
				GCC_OPTIMIZATION_LEVEL = 0;
				GCC_PREPROCESSOR_DEFINITIONS = (
					"DEBUG=1",
					"$(inherited)",
				);
				GCC_WARN_64_TO_32_BIT_CONVERSION = YES;
				GCC_WARN_ABOUT_RETURN_TYPE = YES_ERROR;
				GCC_WARN_UNDECLARED_SELECTOR = YES;
				GCC_WARN_UNINITIALIZED_AUTOS = YES_AGGRESSIVE;
				GCC_WARN_UNUSED_FUNCTION = YES;
				GCC_WARN_UNUSED_VARIABLE = YES;
				IPHONEOS_DEPLOYMENT_TARGET = 14.4;
				MTL_ENABLE_DEBUG_INFO = INCLUDE_SOURCE;
				MTL_FAST_MATH = YES;
				ONLY_ACTIVE_ARCH = YES;
				SDKROOT = iphoneos;
				SWIFT_ACTIVE_COMPILATION_CONDITIONS = DEBUG;
				SWIFT_OPTIMIZATION_LEVEL = "-Onone";
			};
			name = Debug;
		};
		C7EA36562649E8A000337A9C /* Release */ = {
			isa = XCBuildConfiguration;
			buildSettings = {
				ALWAYS_SEARCH_USER_PATHS = NO;
				CLANG_ANALYZER_NONNULL = YES;
				CLANG_ANALYZER_NUMBER_OBJECT_CONVERSION = YES_AGGRESSIVE;
				CLANG_CXX_LANGUAGE_STANDARD = "gnu++14";
				CLANG_CXX_LIBRARY = "libc++";
				CLANG_ENABLE_MODULES = YES;
				CLANG_ENABLE_OBJC_ARC = YES;
				CLANG_ENABLE_OBJC_WEAK = YES;
				CLANG_WARN_BLOCK_CAPTURE_AUTORELEASING = YES;
				CLANG_WARN_BOOL_CONVERSION = YES;
				CLANG_WARN_COMMA = YES;
				CLANG_WARN_CONSTANT_CONVERSION = YES;
				CLANG_WARN_DEPRECATED_OBJC_IMPLEMENTATIONS = YES;
				CLANG_WARN_DIRECT_OBJC_ISA_USAGE = YES_ERROR;
				CLANG_WARN_DOCUMENTATION_COMMENTS = YES;
				CLANG_WARN_EMPTY_BODY = YES;
				CLANG_WARN_ENUM_CONVERSION = YES;
				CLANG_WARN_INFINITE_RECURSION = YES;
				CLANG_WARN_INT_CONVERSION = YES;
				CLANG_WARN_NON_LITERAL_NULL_CONVERSION = YES;
				CLANG_WARN_OBJC_IMPLICIT_RETAIN_SELF = YES;
				CLANG_WARN_OBJC_LITERAL_CONVERSION = YES;
				CLANG_WARN_OBJC_ROOT_CLASS = YES_ERROR;
				CLANG_WARN_QUOTED_INCLUDE_IN_FRAMEWORK_HEADER = YES;
				CLANG_WARN_RANGE_LOOP_ANALYSIS = YES;
				CLANG_WARN_STRICT_PROTOTYPES = YES;
				CLANG_WARN_SUSPICIOUS_MOVE = YES;
				CLANG_WARN_UNGUARDED_AVAILABILITY = YES_AGGRESSIVE;
				CLANG_WARN_UNREACHABLE_CODE = YES;
				CLANG_WARN__DUPLICATE_METHOD_MATCH = YES;
				COPY_PHASE_STRIP = NO;
				DEBUG_INFORMATION_FORMAT = "dwarf-with-dsym";
				ENABLE_NS_ASSERTIONS = NO;
				ENABLE_STRICT_OBJC_MSGSEND = YES;
				GCC_C_LANGUAGE_STANDARD = gnu11;
				GCC_NO_COMMON_BLOCKS = YES;
				GCC_WARN_64_TO_32_BIT_CONVERSION = YES;
				GCC_WARN_ABOUT_RETURN_TYPE = YES_ERROR;
				GCC_WARN_UNDECLARED_SELECTOR = YES;
				GCC_WARN_UNINITIALIZED_AUTOS = YES_AGGRESSIVE;
				GCC_WARN_UNUSED_FUNCTION = YES;
				GCC_WARN_UNUSED_VARIABLE = YES;
				IPHONEOS_DEPLOYMENT_TARGET = 14.4;
				MTL_ENABLE_DEBUG_INFO = NO;
				MTL_FAST_MATH = YES;
				SDKROOT = iphoneos;
				SWIFT_COMPILATION_MODE = wholemodule;
				SWIFT_OPTIMIZATION_LEVEL = "-O";
				VALIDATE_PRODUCT = YES;
			};
			name = Release;
		};
		C7EA36582649E8A000337A9C /* Debug */ = {
			isa = XCBuildConfiguration;
			buildSettings = {
				ASSETCATALOG_COMPILER_APPICON_NAME = AppIcon;
				ASSETCATALOG_COMPILER_GLOBAL_ACCENT_COLOR_NAME = AccentColor;
				CODE_SIGN_STYLE = Automatic;
				INFOPLIST_FILE = "CVW To Do/Info.plist";
				LD_RUNPATH_SEARCH_PATHS = (
					"$(inherited)",
					"@executable_path/Frameworks",
				);
				PRODUCT_BUNDLE_IDENTIFIER = "com.expamle.CVW-To-Do";
				PRODUCT_NAME = "$(TARGET_NAME)";
				SWIFT_VERSION = 5.0;
				TARGETED_DEVICE_FAMILY = "1,2";
			};
			name = Debug;
		};
		C7EA36592649E8A000337A9C /* Release */ = {
			isa = XCBuildConfiguration;
			buildSettings = {
				ASSETCATALOG_COMPILER_APPICON_NAME = AppIcon;
				ASSETCATALOG_COMPILER_GLOBAL_ACCENT_COLOR_NAME = AccentColor;
				CODE_SIGN_STYLE = Automatic;
				INFOPLIST_FILE = "CVW To Do/Info.plist";
				LD_RUNPATH_SEARCH_PATHS = (
					"$(inherited)",
					"@executable_path/Frameworks",
				);
				PRODUCT_BUNDLE_IDENTIFIER = "com.expamle.CVW-To-Do";
				PRODUCT_NAME = "$(TARGET_NAME)";
				SWIFT_VERSION = 5.0;
				TARGETED_DEVICE_FAMILY = "1,2";
			};
			name = Release;
		};
/* End XCBuildConfiguration section */

/* Begin XCConfigurationList section */
		C7EA363B2649E89700337A9C /* Build configuration list for PBXProject "CVW To Do" */ = {
			isa = XCConfigurationList;
			buildConfigurations = (
				C7EA36552649E8A000337A9C /* Debug */,
				C7EA36562649E8A000337A9C /* Release */,
			);
			defaultConfigurationIsVisible = 0;
			defaultConfigurationName = Release;
		};
		C7EA36572649E8A000337A9C /* Build configuration list for PBXNativeTarget "CVW To Do" */ = {
			isa = XCConfigurationList;
			buildConfigurations = (
				C7EA36582649E8A000337A9C /* Debug */,
				C7EA36592649E8A000337A9C /* Release */,
			);
			defaultConfigurationIsVisible = 0;
			defaultConfigurationName = Release;
		};
/* End XCConfigurationList section */

/* Begin XCVersionGroup section */
		C7EA364C2649E89800337A9C /* CVW_To_Do.xcdatamodeld */ = {
			isa = XCVersionGroup;
			children = (
				C7EA364D2649E89800337A9C /* CVW_To_Do.xcdatamodel */,
			);
			currentVersion = C7EA364D2649E89800337A9C /* CVW_To_Do.xcdatamodel */;
			path = CVW_To_Do.xcdatamodeld;
			sourceTree = "<group>";
			versionGroupType = wrapper.xcdatamodel;
		};
/* End XCVersionGroup section */
	};
	rootObject = C7EA36382649E89700337A9C /* Project object */;
}
